// !$*UTF8*$!
{
	archiveVersion = 1;
	classes = {
	};
	objectVersion = 50;
	objects = {

/* Begin PBXBuildFile section */
		F5C198A127CBCC2D00CEB0D4 /* AppDelegate.swift in Sources */ = {isa = PBXBuildFile; fileRef = F5C198A027CBCC2D00CEB0D4 /* AppDelegate.swift */; };
		F5C198A327CBCC2D00CEB0D4 /* SceneDelegate.swift in Sources */ = {isa = PBXBuildFile; fileRef = F5C198A227CBCC2D00CEB0D4 /* SceneDelegate.swift */; };
		F5C198A527CBCC2D00CEB0D4 /* ViewController.swift in Sources */ = {isa = PBXBuildFile; fileRef = F5C198A427CBCC2D00CEB0D4 /* ViewController.swift */; };
		F5C198A827CBCC2D00CEB0D4 /* Main.storyboard in Resources */ = {isa = PBXBuildFile; fileRef = F5C198A627CBCC2D00CEB0D4 /* Main.storyboard */; };
		F5C198AB27CBCC2D00CEB0D4 /* FreeNow.xcdatamodeld in Sources */ = {isa = PBXBuildFile; fileRef = F5C198A927CBCC2D00CEB0D4 /* FreeNow.xcdatamodeld */; };
		F5C198AD27CBCC2F00CEB0D4 /* Assets.xcassets in Resources */ = {isa = PBXBuildFile; fileRef = F5C198AC27CBCC2F00CEB0D4 /* Assets.xcassets */; };
		F5C198B027CBCC2F00CEB0D4 /* LaunchScreen.storyboard in Resources */ = {isa = PBXBuildFile; fileRef = F5C198AE27CBCC2F00CEB0D4 /* LaunchScreen.storyboard */; };
		F5C198BB27CBCC3000CEB0D4 /* FreeNowTests.swift in Sources */ = {isa = PBXBuildFile; fileRef = F5C198BA27CBCC3000CEB0D4 /* FreeNowTests.swift */; };
		F5C198C627CBCC3000CEB0D4 /* FreeNowUITests.swift in Sources */ = {isa = PBXBuildFile; fileRef = F5C198C527CBCC3000CEB0D4 /* FreeNowUITests.swift */; };
/* End PBXBuildFile section */

/* Begin PBXContainerItemProxy section */
		F5C198B727CBCC3000CEB0D4 /* PBXContainerItemProxy */ = {
			isa = PBXContainerItemProxy;
			containerPortal = F5C1989527CBCC2D00CEB0D4 /* Project object */;
			proxyType = 1;
			remoteGlobalIDString = F5C1989C27CBCC2D00CEB0D4;
			remoteInfo = FreeNow;
		};
		F5C198C227CBCC3000CEB0D4 /* PBXContainerItemProxy */ = {
			isa = PBXContainerItemProxy;
			containerPortal = F5C1989527CBCC2D00CEB0D4 /* Project object */;
			proxyType = 1;
			remoteGlobalIDString = F5C1989C27CBCC2D00CEB0D4;
			remoteInfo = FreeNow;
		};
/* End PBXContainerItemProxy section */

/* Begin PBXFileReference section */
		F5C1989D27CBCC2D00CEB0D4 /* FreeNow.app */ = {isa = PBXFileReference; explicitFileType = wrapper.application; includeInIndex = 0; path = FreeNow.app; sourceTree = BUILT_PRODUCTS_DIR; };
		F5C198A027CBCC2D00CEB0D4 /* AppDelegate.swift */ = {isa = PBXFileReference; lastKnownFileType = sourcecode.swift; path = AppDelegate.swift; sourceTree = "<group>"; };
		F5C198A227CBCC2D00CEB0D4 /* SceneDelegate.swift */ = {isa = PBXFileReference; lastKnownFileType = sourcecode.swift; path = SceneDelegate.swift; sourceTree = "<group>"; };
		F5C198A427CBCC2D00CEB0D4 /* ViewController.swift */ = {isa = PBXFileReference; lastKnownFileType = sourcecode.swift; path = ViewController.swift; sourceTree = "<group>"; };
		F5C198A727CBCC2D00CEB0D4 /* Base */ = {isa = PBXFileReference; lastKnownFileType = file.storyboard; name = Base; path = Base.lproj/Main.storyboard; sourceTree = "<group>"; };
		F5C198AA27CBCC2D00CEB0D4 /* FreeNow.xcdatamodel */ = {isa = PBXFileReference; lastKnownFileType = wrapper.xcdatamodel; path = FreeNow.xcdatamodel; sourceTree = "<group>"; };
		F5C198AC27CBCC2F00CEB0D4 /* Assets.xcassets */ = {isa = PBXFileReference; lastKnownFileType = folder.assetcatalog; path = Assets.xcassets; sourceTree = "<group>"; };
		F5C198AF27CBCC2F00CEB0D4 /* Base */ = {isa = PBXFileReference; lastKnownFileType = file.storyboard; name = Base; path = Base.lproj/LaunchScreen.storyboard; sourceTree = "<group>"; };
		F5C198B127CBCC2F00CEB0D4 /* Info.plist */ = {isa = PBXFileReference; lastKnownFileType = text.plist.xml; path = Info.plist; sourceTree = "<group>"; };
		F5C198B627CBCC3000CEB0D4 /* FreeNowTests.xctest */ = {isa = PBXFileReference; explicitFileType = wrapper.cfbundle; includeInIndex = 0; path = FreeNowTests.xctest; sourceTree = BUILT_PRODUCTS_DIR; };
		F5C198BA27CBCC3000CEB0D4 /* FreeNowTests.swift */ = {isa = PBXFileReference; lastKnownFileType = sourcecode.swift; path = FreeNowTests.swift; sourceTree = "<group>"; };
		F5C198BC27CBCC3000CEB0D4 /* Info.plist */ = {isa = PBXFileReference; lastKnownFileType = text.plist.xml; path = Info.plist; sourceTree = "<group>"; };
		F5C198C127CBCC3000CEB0D4 /* FreeNowUITests.xctest */ = {isa = PBXFileReference; explicitFileType = wrapper.cfbundle; includeInIndex = 0; path = FreeNowUITests.xctest; sourceTree = BUILT_PRODUCTS_DIR; };
		F5C198C527CBCC3000CEB0D4 /* FreeNowUITests.swift */ = {isa = PBXFileReference; lastKnownFileType = sourcecode.swift; path = FreeNowUITests.swift; sourceTree = "<group>"; };
		F5C198C727CBCC3000CEB0D4 /* Info.plist */ = {isa = PBXFileReference; lastKnownFileType = text.plist.xml; path = Info.plist; sourceTree = "<group>"; };
/* End PBXFileReference section */

/* Begin PBXFrameworksBuildPhase section */
		F5C1989A27CBCC2D00CEB0D4 /* Frameworks */ = {
			isa = PBXFrameworksBuildPhase;
			buildActionMask = 2147483647;
			files = (
			);
			runOnlyForDeploymentPostprocessing = 0;
		};
		F5C198B327CBCC3000CEB0D4 /* Frameworks */ = {
			isa = PBXFrameworksBuildPhase;
			buildActionMask = 2147483647;
			files = (
			);
			runOnlyForDeploymentPostprocessing = 0;
		};
		F5C198BE27CBCC3000CEB0D4 /* Frameworks */ = {
			isa = PBXFrameworksBuildPhase;
			buildActionMask = 2147483647;
			files = (
			);
			runOnlyForDeploymentPostprocessing = 0;
		};
/* End PBXFrameworksBuildPhase section */

/* Begin PBXGroup section */
		F5C1989427CBCC2D00CEB0D4 = {
			isa = PBXGroup;
			children = (
				F5C1989F27CBCC2D00CEB0D4 /* FreeNow */,
				F5C198B927CBCC3000CEB0D4 /* FreeNowTests */,
				F5C198C427CBCC3000CEB0D4 /* FreeNowUITests */,
				F5C1989E27CBCC2D00CEB0D4 /* Products */,
			);
			sourceTree = "<group>";
		};
		F5C1989E27CBCC2D00CEB0D4 /* Products */ = {
			isa = PBXGroup;
			children = (
				F5C1989D27CBCC2D00CEB0D4 /* FreeNow.app */,
				F5C198B627CBCC3000CEB0D4 /* FreeNowTests.xctest */,
				F5C198C127CBCC3000CEB0D4 /* FreeNowUITests.xctest */,
			);
			name = Products;
			sourceTree = "<group>";
		};
		F5C1989F27CBCC2D00CEB0D4 /* FreeNow */ = {
			isa = PBXGroup;
			children = (
				F5C198A027CBCC2D00CEB0D4 /* AppDelegate.swift */,
				F5C198A227CBCC2D00CEB0D4 /* SceneDelegate.swift */,
				F5C198A427CBCC2D00CEB0D4 /* ViewController.swift */,
				F5C198A627CBCC2D00CEB0D4 /* Main.storyboard */,
				F5C198AC27CBCC2F00CEB0D4 /* Assets.xcassets */,
				F5C198AE27CBCC2F00CEB0D4 /* LaunchScreen.storyboard */,
				F5C198B127CBCC2F00CEB0D4 /* Info.plist */,
				F5C198A927CBCC2D00CEB0D4 /* FreeNow.xcdatamodeld */,
			);
			path = FreeNow;
			sourceTree = "<group>";
		};
		F5C198B927CBCC3000CEB0D4 /* FreeNowTests */ = {
			isa = PBXGroup;
			children = (
				F5C198BA27CBCC3000CEB0D4 /* FreeNowTests.swift */,
				F5C198BC27CBCC3000CEB0D4 /* Info.plist */,
			);
			path = FreeNowTests;
			sourceTree = "<group>";
		};
		F5C198C427CBCC3000CEB0D4 /* FreeNowUITests */ = {
			isa = PBXGroup;
			children = (
				F5C198C527CBCC3000CEB0D4 /* FreeNowUITests.swift */,
				F5C198C727CBCC3000CEB0D4 /* Info.plist */,
			);
			path = FreeNowUITests;
			sourceTree = "<group>";
		};
/* End PBXGroup section */

/* Begin PBXNativeTarget section */
		F5C1989C27CBCC2D00CEB0D4 /* FreeNow */ = {
			isa = PBXNativeTarget;
			buildConfigurationList = F5C198CA27CBCC3000CEB0D4 /* Build configuration list for PBXNativeTarget "FreeNow" */;
			buildPhases = (
				F5C1989927CBCC2D00CEB0D4 /* Sources */,
				F5C1989A27CBCC2D00CEB0D4 /* Frameworks */,
				F5C1989B27CBCC2D00CEB0D4 /* Resources */,
			);
			buildRules = (
			);
			dependencies = (
			);
			name = FreeNow;
			productName = FreeNow;
			productReference = F5C1989D27CBCC2D00CEB0D4 /* FreeNow.app */;
			productType = "com.apple.product-type.application";
		};
		F5C198B527CBCC3000CEB0D4 /* FreeNowTests */ = {
			isa = PBXNativeTarget;
			buildConfigurationList = F5C198CD27CBCC3000CEB0D4 /* Build configuration list for PBXNativeTarget "FreeNowTests" */;
			buildPhases = (
				F5C198B227CBCC3000CEB0D4 /* Sources */,
				F5C198B327CBCC3000CEB0D4 /* Frameworks */,
				F5C198B427CBCC3000CEB0D4 /* Resources */,
			);
			buildRules = (
			);
			dependencies = (
				F5C198B827CBCC3000CEB0D4 /* PBXTargetDependency */,
			);
			name = FreeNowTests;
			productName = FreeNowTests;
			productReference = F5C198B627CBCC3000CEB0D4 /* FreeNowTests.xctest */;
			productType = "com.apple.product-type.bundle.unit-test";
		};
		F5C198C027CBCC3000CEB0D4 /* FreeNowUITests */ = {
			isa = PBXNativeTarget;
			buildConfigurationList = F5C198D027CBCC3000CEB0D4 /* Build configuration list for PBXNativeTarget "FreeNowUITests" */;
			buildPhases = (
				F5C198BD27CBCC3000CEB0D4 /* Sources */,
				F5C198BE27CBCC3000CEB0D4 /* Frameworks */,
				F5C198BF27CBCC3000CEB0D4 /* Resources */,
			);
			buildRules = (
			);
			dependencies = (
				F5C198C327CBCC3000CEB0D4 /* PBXTargetDependency */,
			);
			name = FreeNowUITests;
			productName = FreeNowUITests;
			productReference = F5C198C127CBCC3000CEB0D4 /* FreeNowUITests.xctest */;
			productType = "com.apple.product-type.bundle.ui-testing";
		};
/* End PBXNativeTarget section */

/* Begin PBXProject section */
		F5C1989527CBCC2D00CEB0D4 /* Project object */ = {
			isa = PBXProject;
			attributes = {
				LastSwiftUpdateCheck = 1240;
				LastUpgradeCheck = 1240;
				TargetAttributes = {
					F5C1989C27CBCC2D00CEB0D4 = {
						CreatedOnToolsVersion = 12.4;
					};
					F5C198B527CBCC3000CEB0D4 = {
						CreatedOnToolsVersion = 12.4;
						TestTargetID = F5C1989C27CBCC2D00CEB0D4;
					};
					F5C198C027CBCC3000CEB0D4 = {
						CreatedOnToolsVersion = 12.4;
						TestTargetID = F5C1989C27CBCC2D00CEB0D4;
					};
				};
			};
			buildConfigurationList = F5C1989827CBCC2D00CEB0D4 /* Build configuration list for PBXProject "FreeNow" */;
			compatibilityVersion = "Xcode 9.3";
			developmentRegion = en;
			hasScannedForEncodings = 0;
			knownRegions = (
				en,
				Base,
			);
			mainGroup = F5C1989427CBCC2D00CEB0D4;
			productRefGroup = F5C1989E27CBCC2D00CEB0D4 /* Products */;
			projectDirPath = "";
			projectRoot = "";
			targets = (
				F5C1989C27CBCC2D00CEB0D4 /* FreeNow */,
				F5C198B527CBCC3000CEB0D4 /* FreeNowTests */,
				F5C198C027CBCC3000CEB0D4 /* FreeNowUITests */,
			);
		};
/* End PBXProject section */

/* Begin PBXResourcesBuildPhase section */
		F5C1989B27CBCC2D00CEB0D4 /* Resources */ = {
			isa = PBXResourcesBuildPhase;
			buildActionMask = 2147483647;
			files = (
				F5C198B027CBCC2F00CEB0D4 /* LaunchScreen.storyboard in Resources */,
				F5C198AD27CBCC2F00CEB0D4 /* Assets.xcassets in Resources */,
				F5C198A827CBCC2D00CEB0D4 /* Main.storyboard in Resources */,
			);
			runOnlyForDeploymentPostprocessing = 0;
		};
		F5C198B427CBCC3000CEB0D4 /* Resources */ = {
			isa = PBXResourcesBuildPhase;
			buildActionMask = 2147483647;
			files = (
			);
			runOnlyForDeploymentPostprocessing = 0;
		};
		F5C198BF27CBCC3000CEB0D4 /* Resources */ = {
			isa = PBXResourcesBuildPhase;
			buildActionMask = 2147483647;
			files = (
			);
			runOnlyForDeploymentPostprocessing = 0;
		};
/* End PBXResourcesBuildPhase section */

/* Begin PBXSourcesBuildPhase section */
		F5C1989927CBCC2D00CEB0D4 /* Sources */ = {
			isa = PBXSourcesBuildPhase;
			buildActionMask = 2147483647;
			files = (
				F5C198A527CBCC2D00CEB0D4 /* ViewController.swift in Sources */,
				F5C198A127CBCC2D00CEB0D4 /* AppDelegate.swift in Sources */,
				F5C198AB27CBCC2D00CEB0D4 /* FreeNow.xcdatamodeld in Sources */,
				F5C198A327CBCC2D00CEB0D4 /* SceneDelegate.swift in Sources */,
			);
			runOnlyForDeploymentPostprocessing = 0;
		};
		F5C198B227CBCC3000CEB0D4 /* Sources */ = {
			isa = PBXSourcesBuildPhase;
			buildActionMask = 2147483647;
			files = (
				F5C198BB27CBCC3000CEB0D4 /* FreeNowTests.swift in Sources */,
			);
			runOnlyForDeploymentPostprocessing = 0;
		};
		F5C198BD27CBCC3000CEB0D4 /* Sources */ = {
			isa = PBXSourcesBuildPhase;
			buildActionMask = 2147483647;
			files = (
				F5C198C627CBCC3000CEB0D4 /* FreeNowUITests.swift in Sources */,
			);
			runOnlyForDeploymentPostprocessing = 0;
		};
/* End PBXSourcesBuildPhase section */

/* Begin PBXTargetDependency section */
		F5C198B827CBCC3000CEB0D4 /* PBXTargetDependency */ = {
			isa = PBXTargetDependency;
			target = F5C1989C27CBCC2D00CEB0D4 /* FreeNow */;
			targetProxy = F5C198B727CBCC3000CEB0D4 /* PBXContainerItemProxy */;
		};
		F5C198C327CBCC3000CEB0D4 /* PBXTargetDependency */ = {
			isa = PBXTargetDependency;
			target = F5C1989C27CBCC2D00CEB0D4 /* FreeNow */;
			targetProxy = F5C198C227CBCC3000CEB0D4 /* PBXContainerItemProxy */;
		};
/* End PBXTargetDependency section */

/* Begin PBXVariantGroup section */
		F5C198A627CBCC2D00CEB0D4 /* Main.storyboard */ = {
			isa = PBXVariantGroup;
			children = (
				F5C198A727CBCC2D00CEB0D4 /* Base */,
			);
			name = Main.storyboard;
			sourceTree = "<group>";
		};
		F5C198AE27CBCC2F00CEB0D4 /* LaunchScreen.storyboard */ = {
			isa = PBXVariantGroup;
			children = (
				F5C198AF27CBCC2F00CEB0D4 /* Base */,
			);
			name = LaunchScreen.storyboard;
			sourceTree = "<group>";
		};
/* End PBXVariantGroup section */

/* Begin XCBuildConfiguration section */
		F5C198C827CBCC3000CEB0D4 /* Debug */ = {
			isa = XCBuildConfiguration;
			buildSettings = {
				ALWAYS_SEARCH_USER_PATHS = NO;
				CLANG_ANALYZER_NONNULL = YES;
				CLANG_ANALYZER_NUMBER_OBJECT_CONVERSION = YES_AGGRESSIVE;
				CLANG_CXX_LANGUAGE_STANDARD = "gnu++14";
				CLANG_CXX_LIBRARY = "libc++";
				CLANG_ENABLE_MODULES = YES;
				CLANG_ENABLE_OBJC_ARC = YES;
				CLANG_ENABLE_OBJC_WEAK = YES;
				CLANG_WARN_BLOCK_CAPTURE_AUTORELEASING = YES;
				CLANG_WARN_BOOL_CONVERSION = YES;
				CLANG_WARN_COMMA = YES;
				CLANG_WARN_CONSTANT_CONVERSION = YES;
				CLANG_WARN_DEPRECATED_OBJC_IMPLEMENTATIONS = YES;
				CLANG_WARN_DIRECT_OBJC_ISA_USAGE = YES_ERROR;
				CLANG_WARN_DOCUMENTATION_COMMENTS = YES;
				CLANG_WARN_EMPTY_BODY = YES;
				CLANG_WARN_ENUM_CONVERSION = YES;
				CLANG_WARN_INFINITE_RECURSION = YES;
				CLANG_WARN_INT_CONVERSION = YES;
				CLANG_WARN_NON_LITERAL_NULL_CONVERSION = YES;
				CLANG_WARN_OBJC_IMPLICIT_RETAIN_SELF = YES;
				CLANG_WARN_OBJC_LITERAL_CONVERSION = YES;
				CLANG_WARN_OBJC_ROOT_CLASS = YES_ERROR;
				CLANG_WARN_QUOTED_INCLUDE_IN_FRAMEWORK_HEADER = YES;
				CLANG_WARN_RANGE_LOOP_ANALYSIS = YES;
				CLANG_WARN_STRICT_PROTOTYPES = YES;
				CLANG_WARN_SUSPICIOUS_MOVE = YES;
				CLANG_WARN_UNGUARDED_AVAILABILITY = YES_AGGRESSIVE;
				CLANG_WARN_UNREACHABLE_CODE = YES;
				CLANG_WARN__DUPLICATE_METHOD_MATCH = YES;
				COPY_PHASE_STRIP = NO;
				DEBUG_INFORMATION_FORMAT = dwarf;
				ENABLE_STRICT_OBJC_MSGSEND = YES;
				ENABLE_TESTABILITY = YES;
				GCC_C_LANGUAGE_STANDARD = gnu11;
				GCC_DYNAMIC_NO_PIC = NO;
				GCC_NO_COMMON_BLOCKS = YES;
				GCC_OPTIMIZATION_LEVEL = 0;
				GCC_PREPROCESSOR_DEFINITIONS = (
					"DEBUG=1",
					"$(inherited)",
				);
				GCC_WARN_64_TO_32_BIT_CONVERSION = YES;
				GCC_WARN_ABOUT_RETURN_TYPE = YES_ERROR;
				GCC_WARN_UNDECLARED_SELECTOR = YES;
				GCC_WARN_UNINITIALIZED_AUTOS = YES_AGGRESSIVE;
				GCC_WARN_UNUSED_FUNCTION = YES;
				GCC_WARN_UNUSED_VARIABLE = YES;
				IPHONEOS_DEPLOYMENT_TARGET = 14.4;
				MTL_ENABLE_DEBUG_INFO = INCLUDE_SOURCE;
				MTL_FAST_MATH = YES;
				ONLY_ACTIVE_ARCH = YES;
				SDKROOT = iphoneos;
				SWIFT_ACTIVE_COMPILATION_CONDITIONS = DEBUG;
				SWIFT_OPTIMIZATION_LEVEL = "-Onone";
			};
			name = Debug;
		};
		F5C198C927CBCC3000CEB0D4 /* Release */ = {
			isa = XCBuildConfiguration;
			buildSettings = {
				ALWAYS_SEARCH_USER_PATHS = NO;
				CLANG_ANALYZER_NONNULL = YES;
				CLANG_ANALYZER_NUMBER_OBJECT_CONVERSION = YES_AGGRESSIVE;
				CLANG_CXX_LANGUAGE_STANDARD = "gnu++14";
				CLANG_CXX_LIBRARY = "libc++";
				CLANG_ENABLE_MODULES = YES;
				CLANG_ENABLE_OBJC_ARC = YES;
				CLANG_ENABLE_OBJC_WEAK = YES;
				CLANG_WARN_BLOCK_CAPTURE_AUTORELEASING = YES;
				CLANG_WARN_BOOL_CONVERSION = YES;
				CLANG_WARN_COMMA = YES;
				CLANG_WARN_CONSTANT_CONVERSION = YES;
				CLANG_WARN_DEPRECATED_OBJC_IMPLEMENTATIONS = YES;
				CLANG_WARN_DIRECT_OBJC_ISA_USAGE = YES_ERROR;
				CLANG_WARN_DOCUMENTATION_COMMENTS = YES;
				CLANG_WARN_EMPTY_BODY = YES;
				CLANG_WARN_ENUM_CONVERSION = YES;
				CLANG_WARN_INFINITE_RECURSION = YES;
				CLANG_WARN_INT_CONVERSION = YES;
				CLANG_WARN_NON_LITERAL_NULL_CONVERSION = YES;
				CLANG_WARN_OBJC_IMPLICIT_RETAIN_SELF = YES;
				CLANG_WARN_OBJC_LITERAL_CONVERSION = YES;
				CLANG_WARN_OBJC_ROOT_CLASS = YES_ERROR;
				CLANG_WARN_QUOTED_INCLUDE_IN_FRAMEWORK_HEADER = YES;
				CLANG_WARN_RANGE_LOOP_ANALYSIS = YES;
				CLANG_WARN_STRICT_PROTOTYPES = YES;
				CLANG_WARN_SUSPICIOUS_MOVE = YES;
				CLANG_WARN_UNGUARDED_AVAILABILITY = YES_AGGRESSIVE;
				CLANG_WARN_UNREACHABLE_CODE = YES;
				CLANG_WARN__DUPLICATE_METHOD_MATCH = YES;
				COPY_PHASE_STRIP = NO;
				DEBUG_INFORMATION_FORMAT = "dwarf-with-dsym";
				ENABLE_NS_ASSERTIONS = NO;
				ENABLE_STRICT_OBJC_MSGSEND = YES;
				GCC_C_LANGUAGE_STANDARD = gnu11;
				GCC_NO_COMMON_BLOCKS = YES;
				GCC_WARN_64_TO_32_BIT_CONVERSION = YES;
				GCC_WARN_ABOUT_RETURN_TYPE = YES_ERROR;
				GCC_WARN_UNDECLARED_SELECTOR = YES;
				GCC_WARN_UNINITIALIZED_AUTOS = YES_AGGRESSIVE;
				GCC_WARN_UNUSED_FUNCTION = YES;
				GCC_WARN_UNUSED_VARIABLE = YES;
				IPHONEOS_DEPLOYMENT_TARGET = 14.4;
				MTL_ENABLE_DEBUG_INFO = NO;
				MTL_FAST_MATH = YES;
				SDKROOT = iphoneos;
				SWIFT_COMPILATION_MODE = wholemodule;
				SWIFT_OPTIMIZATION_LEVEL = "-O";
				VALIDATE_PRODUCT = YES;
			};
			name = Release;
		};
		F5C198CB27CBCC3000CEB0D4 /* Debug */ = {
			isa = XCBuildConfiguration;
			buildSettings = {
				ASSETCATALOG_COMPILER_APPICON_NAME = AppIcon;
				ASSETCATALOG_COMPILER_GLOBAL_ACCENT_COLOR_NAME = AccentColor;
				CODE_SIGN_STYLE = Automatic;
				INFOPLIST_FILE = FreeNow/Info.plist;
				LD_RUNPATH_SEARCH_PATHS = (
					"$(inherited)",
					"@executable_path/Frameworks",
				);
				PRODUCT_BUNDLE_IDENTIFIER = com.company.FreeNow;
				PRODUCT_NAME = "$(TARGET_NAME)";
				SWIFT_VERSION = 5.0;
				TARGETED_DEVICE_FAMILY = "1,2";
			};
			name = Debug;
		};
		F5C198CC27CBCC3000CEB0D4 /* Release */ = {
			isa = XCBuildConfiguration;
			buildSettings = {
				ASSETCATALOG_COMPILER_APPICON_NAME = AppIcon;
				ASSETCATALOG_COMPILER_GLOBAL_ACCENT_COLOR_NAME = AccentColor;
				CODE_SIGN_STYLE = Automatic;
				INFOPLIST_FILE = FreeNow/Info.plist;
				LD_RUNPATH_SEARCH_PATHS = (
					"$(inherited)",
					"@executable_path/Frameworks",
				);
				PRODUCT_BUNDLE_IDENTIFIER = com.company.FreeNow;
				PRODUCT_NAME = "$(TARGET_NAME)";
				SWIFT_VERSION = 5.0;
				TARGETED_DEVICE_FAMILY = "1,2";
			};
			name = Release;
		};
		F5C198CE27CBCC3000CEB0D4 /* Debug */ = {
			isa = XCBuildConfiguration;
			buildSettings = {
				ALWAYS_EMBED_SWIFT_STANDARD_LIBRARIES = YES;
				BUNDLE_LOADER = "$(TEST_HOST)";
				CODE_SIGN_STYLE = Automatic;
				INFOPLIST_FILE = FreeNowTests/Info.plist;
				IPHONEOS_DEPLOYMENT_TARGET = 14.4;
				LD_RUNPATH_SEARCH_PATHS = (
					"$(inherited)",
					"@executable_path/Frameworks",
					"@loader_path/Frameworks",
				);
				PRODUCT_BUNDLE_IDENTIFIER = com.company.FreeNowTests;
				PRODUCT_NAME = "$(TARGET_NAME)";
				SWIFT_VERSION = 5.0;
				TARGETED_DEVICE_FAMILY = "1,2";
				TEST_HOST = "$(BUILT_PRODUCTS_DIR)/FreeNow.app/FreeNow";
			};
			name = Debug;
		};
		F5C198CF27CBCC3000CEB0D4 /* Release */ = {
			isa = XCBuildConfiguration;
			buildSettings = {
				ALWAYS_EMBED_SWIFT_STANDARD_LIBRARIES = YES;
				BUNDLE_LOADER = "$(TEST_HOST)";
				CODE_SIGN_STYLE = Automatic;
				INFOPLIST_FILE = FreeNowTests/Info.plist;
				IPHONEOS_DEPLOYMENT_TARGET = 14.4;
				LD_RUNPATH_SEARCH_PATHS = (
					"$(inherited)",
					"@executable_path/Frameworks",
					"@loader_path/Frameworks",
				);
				PRODUCT_BUNDLE_IDENTIFIER = com.company.FreeNowTests;
				PRODUCT_NAME = "$(TARGET_NAME)";
				SWIFT_VERSION = 5.0;
				TARGETED_DEVICE_FAMILY = "1,2";
				TEST_HOST = "$(BUILT_PRODUCTS_DIR)/FreeNow.app/FreeNow";
			};
			name = Release;
		};
		F5C198D127CBCC3000CEB0D4 /* Debug */ = {
			isa = XCBuildConfiguration;
			buildSettings = {
				ALWAYS_EMBED_SWIFT_STANDARD_LIBRARIES = YES;
				CODE_SIGN_STYLE = Automatic;
				INFOPLIST_FILE = FreeNowUITests/Info.plist;
				LD_RUNPATH_SEARCH_PATHS = (
					"$(inherited)",
					"@executable_path/Frameworks",
					"@loader_path/Frameworks",
				);
				PRODUCT_BUNDLE_IDENTIFIER = com.company.FreeNowUITests;
				PRODUCT_NAME = "$(TARGET_NAME)";
				SWIFT_VERSION = 5.0;
				TARGETED_DEVICE_FAMILY = "1,2";
				TEST_TARGET_NAME = FreeNow;
			};
			name = Debug;
		};
		F5C198D227CBCC3000CEB0D4 /* Release */ = {
			isa = XCBuildConfiguration;
			buildSettings = {
				ALWAYS_EMBED_SWIFT_STANDARD_LIBRARIES = YES;
				CODE_SIGN_STYLE = Automatic;
				INFOPLIST_FILE = FreeNowUITests/Info.plist;
				LD_RUNPATH_SEARCH_PATHS = (
					"$(inherited)",
					"@executable_path/Frameworks",
					"@loader_path/Frameworks",
				);
				PRODUCT_BUNDLE_IDENTIFIER = com.company.FreeNowUITests;
				PRODUCT_NAME = "$(TARGET_NAME)";
				SWIFT_VERSION = 5.0;
				TARGETED_DEVICE_FAMILY = "1,2";
				TEST_TARGET_NAME = FreeNow;
			};
			name = Release;
		};
/* End XCBuildConfiguration section */

/* Begin XCConfigurationList section */
		F5C1989827CBCC2D00CEB0D4 /* Build configuration list for PBXProject "FreeNow" */ = {
			isa = XCConfigurationList;
			buildConfigurations = (
				F5C198C827CBCC3000CEB0D4 /* Debug */,
				F5C198C927CBCC3000CEB0D4 /* Release */,
			);
			defaultConfigurationIsVisible = 0;
			defaultConfigurationName = Release;
		};
		F5C198CA27CBCC3000CEB0D4 /* Build configuration list for PBXNativeTarget "FreeNow" */ = {
			isa = XCConfigurationList;
			buildConfigurations = (
				F5C198CB27CBCC3000CEB0D4 /* Debug */,
				F5C198CC27CBCC3000CEB0D4 /* Release */,
			);
			defaultConfigurationIsVisible = 0;
			defaultConfigurationName = Release;
		};
		F5C198CD27CBCC3000CEB0D4 /* Build configuration list for PBXNativeTarget "FreeNowTests" */ = {
			isa = XCConfigurationList;
			buildConfigurations = (
				F5C198CE27CBCC3000CEB0D4 /* Debug */,
				F5C198CF27CBCC3000CEB0D4 /* Release */,
			);
			defaultConfigurationIsVisible = 0;
			defaultConfigurationName = Release;
		};
		F5C198D027CBCC3000CEB0D4 /* Build configuration list for PBXNativeTarget "FreeNowUITests" */ = {
			isa = XCConfigurationList;
			buildConfigurations = (
				F5C198D127CBCC3000CEB0D4 /* Debug */,
				F5C198D227CBCC3000CEB0D4 /* Release */,
			);
			defaultConfigurationIsVisible = 0;
			defaultConfigurationName = Release;
		};
/* End XCConfigurationList section */

/* Begin XCVersionGroup section */
		F5C198A927CBCC2D00CEB0D4 /* FreeNow.xcdatamodeld */ = {
			isa = XCVersionGroup;
			children = (
				F5C198AA27CBCC2D00CEB0D4 /* FreeNow.xcdatamodel */,
			);
			currentVersion = F5C198AA27CBCC2D00CEB0D4 /* FreeNow.xcdatamodel */;
			path = FreeNow.xcdatamodeld;
			sourceTree = "<group>";
			versionGroupType = wrapper.xcdatamodel;
		};
/* End XCVersionGroup section */
	};
	rootObject = F5C1989527CBCC2D00CEB0D4 /* Project object */;
}
